
Microsoft Visual Studio Solution File, Format Version 12.00
# Visual Studio Version 16
VisualStudioVersion = 25.0.1706.3
MinimumVisualStudioVersion = 10.0.40219.1
Project("{2150E333-8FDC-42A3-9474-1A3956D46DE8}") = "Core", "Core", "{8163EBAD-BC98-4869-A6CC-AB49E2157A2B}"
EndProject
Project("{FAE04EC0-301F-11D3-BF4B-00C04F79EFBC}") = "OnionArchitectureExample.Domain", "Core\OnionArchitectureExample.Domain\OnionArchitectureExample.Domain.csproj", "{802B9606-3F61-4607-887A-4D7166307DD0}"
EndProject
Project("{FAE04EC0-301F-11D3-BF4B-00C04F79EFBC}") = "OnionArchitectureExample.Application", "Core\OnionArchitectureExample.Application\OnionArchitectureExample.Application.csproj", "{7BD448F3-6A28-449C-B9EB-2D9B9368F642}"
EndProject
Project("{2150E333-8FDC-42A3-9474-1A3956D46DE8}") = "Infastructure", "Infastructure", "{067CB643-FB69-4032-AE98-6089EAFDAD45}"
EndProject
Project("{FAE04EC0-301F-11D3-BF4B-00C04F79EFBC}") = "OnionArchitectureExample.Infastructure", "Infastructure\OnionArchitectureExample.Infastructure\OnionArchitectureExample.Infastructure.csproj", "{6FC6A398-CA34-4DB9-96CD-455A3778B1F2}"
EndProject
Project("{FAE04EC0-301F-11D3-BF4B-00C04F79EFBC}") = "OnionArchitectureExample.Persistence", "Infastructure\OnionArchitectureExample.Persistence\OnionArchitectureExample.Persistence.csproj", "{049A5F31-18F5-41E7-87FF-0808BB6D8B43}"
EndProject
Project("{2150E333-8FDC-42A3-9474-1A3956D46DE8}") = "Presentation", "Presentation", "{5B5DF395-AD98-4BAC-A99D-C388CD8BF73E}"
EndProject
Project("{FAE04EC0-301F-11D3-BF4B-00C04F79EFBC}") = "OnionArchitectureExample.Presentation", "Presentation\OnionArchitectureExample.Presentation\OnionArchitectureExample.Presentation.csproj", "{4A6CCD81-7B91-4176-855B-43C3D72350DF}"
EndProject
Global
	GlobalSection(SolutionConfigurationPlatforms) = preSolution
		Debug|Any CPU = Debug|Any CPU
		Release|Any CPU = Release|Any CPU
	EndGlobalSection
	GlobalSection(ProjectConfigurationPlatforms) = postSolution
		{802B9606-3F61-4607-887A-4D7166307DD0}.Debug|Any CPU.ActiveCfg = Debug|Any CPU
		{802B9606-3F61-4607-887A-4D7166307DD0}.Debug|Any CPU.Build.0 = Debug|Any CPU
		{802B9606-3F61-4607-887A-4D7166307DD0}.Release|Any CPU.ActiveCfg = Release|Any CPU
		{802B9606-3F61-4607-887A-4D7166307DD0}.Release|Any CPU.Build.0 = Release|Any CPU
		{7BD448F3-6A28-449C-B9EB-2D9B9368F642}.Debug|Any CPU.ActiveCfg = Debug|Any CPU
		{7BD448F3-6A28-449C-B9EB-2D9B9368F642}.Debug|Any CPU.Build.0 = Debug|Any CPU
		{7BD448F3-6A28-449C-B9EB-2D9B9368F642}.Release|Any CPU.ActiveCfg = Release|Any CPU
		{7BD448F3-6A28-449C-B9EB-2D9B9368F642}.Release|Any CPU.Build.0 = Release|Any CPU
		{6FC6A398-CA34-4DB9-96CD-455A3778B1F2}.Debug|Any CPU.ActiveCfg = Debug|Any CPU
		{6FC6A398-CA34-4DB9-96CD-455A3778B1F2}.Debug|Any CPU.Build.0 = Debug|Any CPU
		{6FC6A398-CA34-4DB9-96CD-455A3778B1F2}.Release|Any CPU.ActiveCfg = Release|Any CPU
		{6FC6A398-CA34-4DB9-96CD-455A3778B1F2}.Release|Any CPU.Build.0 = Release|Any CPU
		{049A5F31-18F5-41E7-87FF-0808BB6D8B43}.Debug|Any CPU.ActiveCfg = Debug|Any CPU
		{049A5F31-18F5-41E7-87FF-0808BB6D8B43}.Debug|Any CPU.Build.0 = Debug|Any CPU
		{049A5F31-18F5-41E7-87FF-0808BB6D8B43}.Release|Any CPU.ActiveCfg = Release|Any CPU
		{049A5F31-18F5-41E7-87FF-0808BB6D8B43}.Release|Any CPU.Build.0 = Release|Any CPU
		{4A6CCD81-7B91-4176-855B-43C3D72350DF}.Debug|Any CPU.ActiveCfg = Debug|Any CPU
		{4A6CCD81-7B91-4176-855B-43C3D72350DF}.Debug|Any CPU.Build.0 = Debug|Any CPU
		{4A6CCD81-7B91-4176-855B-43C3D72350DF}.Release|Any CPU.ActiveCfg = Release|Any CPU
		{4A6CCD81-7B91-4176-855B-43C3D72350DF}.Release|Any CPU.Build.0 = Release|Any CPU
	EndGlobalSection
	GlobalSection(SolutionProperties) = preSolution
		HideSolutionNode = FALSE
	EndGlobalSection
	GlobalSection(ExtensibilityGlobals) = postSolution
		SolutionGuid = {522C1968-34D3-4187-98AD-2D72CE101110}
	EndGlobalSection
	GlobalSection(NestedProjects) = preSolution
		{802B9606-3F61-4607-887A-4D7166307DD0} = {8163EBAD-BC98-4869-A6CC-AB49E2157A2B}
		{7BD448F3-6A28-449C-B9EB-2D9B9368F642} = {8163EBAD-BC98-4869-A6CC-AB49E2157A2B}
		{6FC6A398-CA34-4DB9-96CD-455A3778B1F2} = {067CB643-FB69-4032-AE98-6089EAFDAD45}
		{049A5F31-18F5-41E7-87FF-0808BB6D8B43} = {067CB643-FB69-4032-AE98-6089EAFDAD45}
		{4A6CCD81-7B91-4176-855B-43C3D72350DF} = {5B5DF395-AD98-4BAC-A99D-C388CD8BF73E}
	EndGlobalSection
EndGlobal
